// !$*UTF8*$!
{
	archiveVersion = 1;
	classes = {
	};
	objectVersion = 56;
	objects = {

/* Begin PBXBuildFile section */
		1F3F97562BACE4D800AD3405 /* Interview.swift in Sources */ = {isa = PBXBuildFile; fileRef = 1F3F97552BACE4D800AD3405 /* Interview.swift */; };
		1F3F975A2BACF78400AD3405 /* FeedbackView.swift in Sources */ = {isa = PBXBuildFile; fileRef = 1F3F97592BACF78400AD3405 /* FeedbackView.swift */; };
		1F3F975C2BACFD6300AD3405 /* AudioView.swift in Sources */ = {isa = PBXBuildFile; fileRef = 1F3F975B2BACFD6300AD3405 /* AudioView.swift */; };
		1F3F975E2BAD012900AD3405 /* QuestionView.swift in Sources */ = {isa = PBXBuildFile; fileRef = 1F3F975D2BAD012900AD3405 /* QuestionView.swift */; };
		1FC3DBFB2BBB21F50032C3C0 /* VideoView.swift in Sources */ = {isa = PBXBuildFile; fileRef = 1FC3DBFA2BBB21F50032C3C0 /* VideoView.swift */; };
		EC6F3E132BAB5601000C0E66 /* StartView.swift in Sources */ = {isa = PBXBuildFile; fileRef = EC6F3E122BAB5601000C0E66 /* StartView.swift */; };
		EC6F3E152BACB5BB000C0E66 /* TextView.swift in Sources */ = {isa = PBXBuildFile; fileRef = EC6F3E142BACB5BB000C0E66 /* TextView.swift */; };
		ECC77C382BB7AC0200716697 /* User.swift in Sources */ = {isa = PBXBuildFile; fileRef = ECC77C372BB7AC0200716697 /* User.swift */; };
		ECCC2C9D2BC6DF8A00C3726C /* DefaultButtonStyle.swift in Sources */ = {isa = PBXBuildFile; fileRef = ECCC2C9C2BC6DF8A00C3726C /* DefaultButtonStyle.swift */; };
		ECE58BA82BAA074400EE5FA1 /* swiftUIIntersimApp.swift in Sources */ = {isa = PBXBuildFile; fileRef = ECE58B9F2BAA074400EE5FA1 /* swiftUIIntersimApp.swift */; };
		ECE58BA92BAA074400EE5FA1 /* Assets.xcassets in Resources */ = {isa = PBXBuildFile; fileRef = ECE58BA02BAA074400EE5FA1 /* Assets.xcassets */; };
		ECE58BAA2BAA074400EE5FA1 /* Preview Assets.xcassets in Resources */ = {isa = PBXBuildFile; fileRef = ECE58BA22BAA074400EE5FA1 /* Preview Assets.xcassets */; };
		ECE58BAC2BAA074400EE5FA1 /* Response.swift in Sources */ = {isa = PBXBuildFile; fileRef = ECE58BA42BAA074400EE5FA1 /* Response.swift */; };
		ECE58BAD2BAA074400EE5FA1 /* MainView.swift in Sources */ = {isa = PBXBuildFile; fileRef = ECE58BA52BAA074400EE5FA1 /* MainView.swift */; };
/* End PBXBuildFile section */

/* Begin PBXFileReference section */
		1F3F97552BACE4D800AD3405 /* Interview.swift */ = {isa = PBXFileReference; lastKnownFileType = sourcecode.swift; path = Interview.swift; sourceTree = "<group>"; };
		1F3F97592BACF78400AD3405 /* FeedbackView.swift */ = {isa = PBXFileReference; lastKnownFileType = sourcecode.swift; path = FeedbackView.swift; sourceTree = "<group>"; };
		1F3F975B2BACFD6300AD3405 /* AudioView.swift */ = {isa = PBXFileReference; lastKnownFileType = sourcecode.swift; path = AudioView.swift; sourceTree = "<group>"; };
		1F3F975D2BAD012900AD3405 /* QuestionView.swift */ = {isa = PBXFileReference; lastKnownFileType = sourcecode.swift; path = QuestionView.swift; sourceTree = "<group>"; };
		1FC3DBFA2BBB21F50032C3C0 /* VideoView.swift */ = {isa = PBXFileReference; lastKnownFileType = sourcecode.swift; path = VideoView.swift; sourceTree = "<group>"; };
		EC6F3E122BAB5601000C0E66 /* StartView.swift */ = {isa = PBXFileReference; lastKnownFileType = sourcecode.swift; path = StartView.swift; sourceTree = "<group>"; };
		EC6F3E142BACB5BB000C0E66 /* TextView.swift */ = {isa = PBXFileReference; lastKnownFileType = sourcecode.swift; path = TextView.swift; sourceTree = "<group>"; };
		ECC77C372BB7AC0200716697 /* User.swift */ = {isa = PBXFileReference; lastKnownFileType = sourcecode.swift; path = User.swift; sourceTree = "<group>"; };
		ECCC2C9C2BC6DF8A00C3726C /* DefaultButtonStyle.swift */ = {isa = PBXFileReference; lastKnownFileType = sourcecode.swift; path = DefaultButtonStyle.swift; sourceTree = "<group>"; };
		ECD72A5C2B7411CB00CED84D /* intersim.app */ = {isa = PBXFileReference; explicitFileType = wrapper.application; includeInIndex = 0; path = intersim.app; sourceTree = BUILT_PRODUCTS_DIR; };
		ECE58B9F2BAA074400EE5FA1 /* swiftUIIntersimApp.swift */ = {isa = PBXFileReference; fileEncoding = 4; lastKnownFileType = sourcecode.swift; path = swiftUIIntersimApp.swift; sourceTree = "<group>"; };
		ECE58BA02BAA074400EE5FA1 /* Assets.xcassets */ = {isa = PBXFileReference; lastKnownFileType = folder.assetcatalog; path = Assets.xcassets; sourceTree = "<group>"; };
		ECE58BA22BAA074400EE5FA1 /* Preview Assets.xcassets */ = {isa = PBXFileReference; lastKnownFileType = folder.assetcatalog; path = "Preview Assets.xcassets"; sourceTree = "<group>"; };
		ECE58BA42BAA074400EE5FA1 /* Response.swift */ = {isa = PBXFileReference; fileEncoding = 4; lastKnownFileType = sourcecode.swift; path = Response.swift; sourceTree = "<group>"; };
		ECE58BA52BAA074400EE5FA1 /* MainView.swift */ = {isa = PBXFileReference; fileEncoding = 4; lastKnownFileType = sourcecode.swift; path = MainView.swift; sourceTree = "<group>"; };
/* End PBXFileReference section */

/* Begin PBXFrameworksBuildPhase section */
		ECD72A592B7411CB00CED84D /* Frameworks */ = {
			isa = PBXFrameworksBuildPhase;
			buildActionMask = 2147483647;
			files = (
			);
			runOnlyForDeploymentPostprocessing = 0;
		};
/* End PBXFrameworksBuildPhase section */

/* Begin PBXGroup section */
		ECD72A532B7411CB00CED84D = {
			isa = PBXGroup;
			children = (
				ECE58B9E2BAA074400EE5FA1 /* intersim */,
				ECD72A5D2B7411CB00CED84D /* Products */,
			);
			sourceTree = "<group>";
		};
		ECD72A5D2B7411CB00CED84D /* Products */ = {
			isa = PBXGroup;
			children = (
				ECD72A5C2B7411CB00CED84D /* intersim.app */,
			);
			name = Products;
			sourceTree = "<group>";
		};
		ECE58B9E2BAA074400EE5FA1 /* intersim */ = {
			isa = PBXGroup;
			children = (
				ECE58BA12BAA074400EE5FA1 /* Preview Content */,
				ECE58BA02BAA074400EE5FA1 /* Assets.xcassets */,
				ECE58B9F2BAA074400EE5FA1 /* swiftUIIntersimApp.swift */,
				ECE58BA52BAA074400EE5FA1 /* MainView.swift */,
				EC6F3E122BAB5601000C0E66 /* StartView.swift */,
				1F3F975D2BAD012900AD3405 /* QuestionView.swift */,
				EC6F3E142BACB5BB000C0E66 /* TextView.swift */,
				1FC3DBFA2BBB21F50032C3C0 /* VideoView.swift */,
				1F3F975B2BACFD6300AD3405 /* AudioView.swift */,
				1F3F97592BACF78400AD3405 /* FeedbackView.swift */,
				1F3F97552BACE4D800AD3405 /* Interview.swift */,
				ECE58BA42BAA074400EE5FA1 /* Response.swift */,
				ECC77C372BB7AC0200716697 /* User.swift */,
				ECCC2C9C2BC6DF8A00C3726C /* DefaultButtonStyle.swift */,
			);
			path = intersim;
			sourceTree = "<group>";
		};
		ECE58BA12BAA074400EE5FA1 /* Preview Content */ = {
			isa = PBXGroup;
			children = (
				ECE58BA22BAA074400EE5FA1 /* Preview Assets.xcassets */,
			);
			path = "Preview Content";
			sourceTree = "<group>";
		};
/* End PBXGroup section */

/* Begin PBXNativeTarget section */
		ECD72A5B2B7411CB00CED84D /* intersim */ = {
			isa = PBXNativeTarget;
			buildConfigurationList = ECD72A6A2B7411D000CED84D /* Build configuration list for PBXNativeTarget "intersim" */;
			buildPhases = (
				ECD72A582B7411CB00CED84D /* Sources */,
				ECD72A592B7411CB00CED84D /* Frameworks */,
				ECD72A5A2B7411CB00CED84D /* Resources */,
			);
			buildRules = (
			);
			dependencies = (
			);
			name = intersim;
			productName = swiftUIChatter;
			productReference = ECD72A5C2B7411CB00CED84D /* intersim.app */;
			productType = "com.apple.product-type.application";
		};
/* End PBXNativeTarget section */

/* Begin PBXProject section */
		ECD72A542B7411CB00CED84D /* Project object */ = {
			isa = PBXProject;
			attributes = {
				BuildIndependentTargetsInParallel = 1;
				LastSwiftUpdateCheck = 1520;
				LastUpgradeCheck = 1520;
				TargetAttributes = {
					ECD72A5B2B7411CB00CED84D = {
						CreatedOnToolsVersion = 15.2;
					};
				};
			};
			buildConfigurationList = ECD72A572B7411CB00CED84D /* Build configuration list for PBXProject "intersim" */;
			compatibilityVersion = "Xcode 14.0";
			developmentRegion = en;
			hasScannedForEncodings = 0;
			knownRegions = (
				en,
				Base,
			);
			mainGroup = ECD72A532B7411CB00CED84D;
			productRefGroup = ECD72A5D2B7411CB00CED84D /* Products */;
			projectDirPath = "";
			projectRoot = "";
			targets = (
				ECD72A5B2B7411CB00CED84D /* intersim */,
			);
		};
/* End PBXProject section */

/* Begin PBXResourcesBuildPhase section */
		ECD72A5A2B7411CB00CED84D /* Resources */ = {
			isa = PBXResourcesBuildPhase;
			buildActionMask = 2147483647;
			files = (
				ECE58BAA2BAA074400EE5FA1 /* Preview Assets.xcassets in Resources */,
				ECE58BA92BAA074400EE5FA1 /* Assets.xcassets in Resources */,
			);
			runOnlyForDeploymentPostprocessing = 0;
		};
/* End PBXResourcesBuildPhase section */

/* Begin PBXSourcesBuildPhase section */
		ECD72A582B7411CB00CED84D /* Sources */ = {
			isa = PBXSourcesBuildPhase;
			buildActionMask = 2147483647;
			files = (
				1F3F975C2BACFD6300AD3405 /* AudioView.swift in Sources */,
				ECCC2C9D2BC6DF8A00C3726C /* DefaultButtonStyle.swift in Sources */,
				ECE58BA82BAA074400EE5FA1 /* swiftUIIntersimApp.swift in Sources */,
				EC6F3E152BACB5BB000C0E66 /* TextView.swift in Sources */,
				ECE58BAD2BAA074400EE5FA1 /* MainView.swift in Sources */,
				1F3F975E2BAD012900AD3405 /* QuestionView.swift in Sources */,
				1F3F97562BACE4D800AD3405 /* Interview.swift in Sources */,
				ECE58BAC2BAA074400EE5FA1 /* Response.swift in Sources */,
				EC6F3E132BAB5601000C0E66 /* StartView.swift in Sources */,
				ECC77C382BB7AC0200716697 /* User.swift in Sources */,
				1FC3DBFB2BBB21F50032C3C0 /* VideoView.swift in Sources */,
				1F3F975A2BACF78400AD3405 /* FeedbackView.swift in Sources */,
			);
			runOnlyForDeploymentPostprocessing = 0;
		};
/* End PBXSourcesBuildPhase section */

/* Begin XCBuildConfiguration section */
		ECD72A682B7411D000CED84D /* Debug */ = {
			isa = XCBuildConfiguration;
			buildSettings = {
				ALWAYS_SEARCH_USER_PATHS = NO;
				ASSETCATALOG_COMPILER_GENERATE_SWIFT_ASSET_SYMBOL_EXTENSIONS = YES;
				CLANG_ANALYZER_NONNULL = YES;
				CLANG_ANALYZER_NUMBER_OBJECT_CONVERSION = YES_AGGRESSIVE;
				CLANG_CXX_LANGUAGE_STANDARD = "gnu++20";
				CLANG_ENABLE_MODULES = YES;
				CLANG_ENABLE_OBJC_ARC = YES;
				CLANG_ENABLE_OBJC_WEAK = YES;
				CLANG_WARN_BLOCK_CAPTURE_AUTORELEASING = YES;
				CLANG_WARN_BOOL_CONVERSION = YES;
				CLANG_WARN_COMMA = YES;
				CLANG_WARN_CONSTANT_CONVERSION = YES;
				CLANG_WARN_DEPRECATED_OBJC_IMPLEMENTATIONS = YES;
				CLANG_WARN_DIRECT_OBJC_ISA_USAGE = YES_ERROR;
				CLANG_WARN_DOCUMENTATION_COMMENTS = YES;
				CLANG_WARN_EMPTY_BODY = YES;
				CLANG_WARN_ENUM_CONVERSION = YES;
				CLANG_WARN_INFINITE_RECURSION = YES;
				CLANG_WARN_INT_CONVERSION = YES;
				CLANG_WARN_NON_LITERAL_NULL_CONVERSION = YES;
				CLANG_WARN_OBJC_IMPLICIT_RETAIN_SELF = YES;
				CLANG_WARN_OBJC_LITERAL_CONVERSION = YES;
				CLANG_WARN_OBJC_ROOT_CLASS = YES_ERROR;
				CLANG_WARN_QUOTED_INCLUDE_IN_FRAMEWORK_HEADER = YES;
				CLANG_WARN_RANGE_LOOP_ANALYSIS = YES;
				CLANG_WARN_STRICT_PROTOTYPES = YES;
				CLANG_WARN_SUSPICIOUS_MOVE = YES;
				CLANG_WARN_UNGUARDED_AVAILABILITY = YES_AGGRESSIVE;
				CLANG_WARN_UNREACHABLE_CODE = YES;
				CLANG_WARN__DUPLICATE_METHOD_MATCH = YES;
				COPY_PHASE_STRIP = NO;
				DEBUG_INFORMATION_FORMAT = dwarf;
				ENABLE_STRICT_OBJC_MSGSEND = YES;
				ENABLE_TESTABILITY = YES;
				ENABLE_USER_SCRIPT_SANDBOXING = YES;
				GCC_C_LANGUAGE_STANDARD = gnu17;
				GCC_DYNAMIC_NO_PIC = NO;
				GCC_NO_COMMON_BLOCKS = YES;
				GCC_OPTIMIZATION_LEVEL = 0;
				GCC_PREPROCESSOR_DEFINITIONS = (
					"DEBUG=1",
					"$(inherited)",
				);
				GCC_WARN_64_TO_32_BIT_CONVERSION = YES;
				GCC_WARN_ABOUT_RETURN_TYPE = YES_ERROR;
				GCC_WARN_UNDECLARED_SELECTOR = YES;
				GCC_WARN_UNINITIALIZED_AUTOS = YES_AGGRESSIVE;
				GCC_WARN_UNUSED_FUNCTION = YES;
				GCC_WARN_UNUSED_VARIABLE = YES;
				IPHONEOS_DEPLOYMENT_TARGET = 17.2;
				LOCALIZATION_PREFERS_STRING_CATALOGS = YES;
				MTL_ENABLE_DEBUG_INFO = INCLUDE_SOURCE;
				MTL_FAST_MATH = YES;
				ONLY_ACTIVE_ARCH = YES;
				SDKROOT = iphoneos;
				SWIFT_ACTIVE_COMPILATION_CONDITIONS = "DEBUG $(inherited)";
				SWIFT_OPTIMIZATION_LEVEL = "-Onone";
			};
			name = Debug;
		};
		ECD72A692B7411D000CED84D /* Release */ = {
			isa = XCBuildConfiguration;
			buildSettings = {
				ALWAYS_SEARCH_USER_PATHS = NO;
				ASSETCATALOG_COMPILER_GENERATE_SWIFT_ASSET_SYMBOL_EXTENSIONS = YES;
				CLANG_ANALYZER_NONNULL = YES;
				CLANG_ANALYZER_NUMBER_OBJECT_CONVERSION = YES_AGGRESSIVE;
				CLANG_CXX_LANGUAGE_STANDARD = "gnu++20";
				CLANG_ENABLE_MODULES = YES;
				CLANG_ENABLE_OBJC_ARC = YES;
				CLANG_ENABLE_OBJC_WEAK = YES;
				CLANG_WARN_BLOCK_CAPTURE_AUTORELEASING = YES;
				CLANG_WARN_BOOL_CONVERSION = YES;
				CLANG_WARN_COMMA = YES;
				CLANG_WARN_CONSTANT_CONVERSION = YES;
				CLANG_WARN_DEPRECATED_OBJC_IMPLEMENTATIONS = YES;
				CLANG_WARN_DIRECT_OBJC_ISA_USAGE = YES_ERROR;
				CLANG_WARN_DOCUMENTATION_COMMENTS = YES;
				CLANG_WARN_EMPTY_BODY = YES;
				CLANG_WARN_ENUM_CONVERSION = YES;
				CLANG_WARN_INFINITE_RECURSION = YES;
				CLANG_WARN_INT_CONVERSION = YES;
				CLANG_WARN_NON_LITERAL_NULL_CONVERSION = YES;
				CLANG_WARN_OBJC_IMPLICIT_RETAIN_SELF = YES;
				CLANG_WARN_OBJC_LITERAL_CONVERSION = YES;
				CLANG_WARN_OBJC_ROOT_CLASS = YES_ERROR;
				CLANG_WARN_QUOTED_INCLUDE_IN_FRAMEWORK_HEADER = YES;
				CLANG_WARN_RANGE_LOOP_ANALYSIS = YES;
				CLANG_WARN_STRICT_PROTOTYPES = YES;
				CLANG_WARN_SUSPICIOUS_MOVE = YES;
				CLANG_WARN_UNGUARDED_AVAILABILITY = YES_AGGRESSIVE;
				CLANG_WARN_UNREACHABLE_CODE = YES;
				CLANG_WARN__DUPLICATE_METHOD_MATCH = YES;
				COPY_PHASE_STRIP = NO;
				DEBUG_INFORMATION_FORMAT = "dwarf-with-dsym";
				ENABLE_NS_ASSERTIONS = NO;
				ENABLE_STRICT_OBJC_MSGSEND = YES;
				ENABLE_USER_SCRIPT_SANDBOXING = YES;
				GCC_C_LANGUAGE_STANDARD = gnu17;
				GCC_NO_COMMON_BLOCKS = YES;
				GCC_WARN_64_TO_32_BIT_CONVERSION = YES;
				GCC_WARN_ABOUT_RETURN_TYPE = YES_ERROR;
				GCC_WARN_UNDECLARED_SELECTOR = YES;
				GCC_WARN_UNINITIALIZED_AUTOS = YES_AGGRESSIVE;
				GCC_WARN_UNUSED_FUNCTION = YES;
				GCC_WARN_UNUSED_VARIABLE = YES;
				IPHONEOS_DEPLOYMENT_TARGET = 17.2;
				LOCALIZATION_PREFERS_STRING_CATALOGS = YES;
				MTL_ENABLE_DEBUG_INFO = NO;
				MTL_FAST_MATH = YES;
				SDKROOT = iphoneos;
				SWIFT_COMPILATION_MODE = wholemodule;
				VALIDATE_PRODUCT = YES;
			};
			name = Release;
		};
		ECD72A6B2B7411D000CED84D /* Debug */ = {
			isa = XCBuildConfiguration;
			buildSettings = {
				ASSETCATALOG_COMPILER_APPICON_NAME = AppIcon;
				ASSETCATALOG_COMPILER_GLOBAL_ACCENT_COLOR_NAME = AccentColor;
				CODE_SIGN_STYLE = Automatic;
				CURRENT_PROJECT_VERSION = 1;
				DEVELOPMENT_ASSET_PATHS = "\"intersim/Preview Content\"";
				DEVELOPMENT_TEAM = 8YDK9GMM7X;
				ENABLE_PREVIEWS = YES;
				GENERATE_INFOPLIST_FILE = YES;
				INFOPLIST_KEY_NSCameraUsageDescription = "to record video.";
				INFOPLIST_KEY_NSMicrophoneUsageDescription = "to record audio.";
				INFOPLIST_KEY_NSPhotoLibraryUsageDescription = test;
				INFOPLIST_KEY_UIApplicationSceneManifest_Generation = YES;
				INFOPLIST_KEY_UIApplicationSupportsIndirectInputEvents = YES;
				INFOPLIST_KEY_UILaunchScreen_Generation = YES;
				INFOPLIST_KEY_UIRequiresFullScreen = YES;
				INFOPLIST_KEY_UISupportedInterfaceOrientations = UIInterfaceOrientationPortrait;
				IPHONEOS_DEPLOYMENT_TARGET = 17.2;
				LD_RUNPATH_SEARCH_PATHS = (
					"$(inherited)",
					"@executable_path/Frameworks",
				);
				MARKETING_VERSION = 1.0;
				PRODUCT_BUNDLE_IDENTIFIER = edu.umich.siebk.swiftUIIntersim;
				PRODUCT_NAME = "$(TARGET_NAME)";
				SWIFT_EMIT_LOC_STRINGS = YES;
				SWIFT_VERSION = 5.0;
				TARGETED_DEVICE_FAMILY = "1,2";
			};
			name = Debug;
		};
		ECD72A6C2B7411D000CED84D /* Release */ = {
			isa = XCBuildConfiguration;
			buildSettings = {
				ASSETCATALOG_COMPILER_APPICON_NAME = AppIcon;
				ASSETCATALOG_COMPILER_GLOBAL_ACCENT_COLOR_NAME = AccentColor;
				CODE_SIGN_STYLE = Automatic;
				CURRENT_PROJECT_VERSION = 1;
				DEVELOPMENT_ASSET_PATHS = "\"intersim/Preview Content\"";
				DEVELOPMENT_TEAM = 8YDK9GMM7X;
				ENABLE_PREVIEWS = YES;
				GENERATE_INFOPLIST_FILE = YES;
				INFOPLIST_KEY_NSCameraUsageDescription = "to record video.";
				INFOPLIST_KEY_NSMicrophoneUsageDescription = "to record audio.";
				INFOPLIST_KEY_NSPhotoLibraryUsageDescription = test;
				INFOPLIST_KEY_UIApplicationSceneManifest_Generation = YES;
				INFOPLIST_KEY_UIApplicationSupportsIndirectInputEvents = YES;
				INFOPLIST_KEY_UILaunchScreen_Generation = YES;
				INFOPLIST_KEY_UIRequiresFullScreen = YES;
				INFOPLIST_KEY_UISupportedInterfaceOrientations = UIInterfaceOrientationPortrait;
				IPHONEOS_DEPLOYMENT_TARGET = 17.2;
				LD_RUNPATH_SEARCH_PATHS = (
					"$(inherited)",
					"@executable_path/Frameworks",
				);
				MARKETING_VERSION = 1.0;
				PRODUCT_BUNDLE_IDENTIFIER = edu.umich.siebk.swiftUIIntersim;
				PRODUCT_NAME = "$(TARGET_NAME)";
				SWIFT_EMIT_LOC_STRINGS = YES;
				SWIFT_VERSION = 5.0;
				TARGETED_DEVICE_FAMILY = "1,2";
			};
			name = Release;
		};
/* End XCBuildConfiguration section */

/* Begin XCConfigurationList section */
		ECD72A572B7411CB00CED84D /* Build configuration list for PBXProject "intersim" */ = {
			isa = XCConfigurationList;
			buildConfigurations = (
				ECD72A682B7411D000CED84D /* Debug */,
				ECD72A692B7411D000CED84D /* Release */,
			);
			defaultConfigurationIsVisible = 0;
			defaultConfigurationName = Release;
		};
		ECD72A6A2B7411D000CED84D /* Build configuration list for PBXNativeTarget "intersim" */ = {
			isa = XCConfigurationList;
			buildConfigurations = (
				ECD72A6B2B7411D000CED84D /* Debug */,
				ECD72A6C2B7411D000CED84D /* Release */,
			);
			defaultConfigurationIsVisible = 0;
			defaultConfigurationName = Release;
		};
/* End XCConfigurationList section */
	};
	rootObject = ECD72A542B7411CB00CED84D /* Project object */;
}
